
Microsoft Visual Studio Solution File, Format Version 12.00
# Visual Studio Version 17
VisualStudioVersion = 17.5.33627.172
MinimumVisualStudioVersion = 10.0.40219.1
Project("{8BC9CEB8-8B4A-11D0-8D11-00A0C91BC942}") = "lab10", "lab10\lab10.vcxproj", "{BF209B39-9DE9-419B-B720-28D0547DC519}"
EndProject
Global
	GlobalSection(SolutionConfigurationPlatforms) = preSolution
		Debug|x64 = Debug|x64
		Debug|x86 = Debug|x86
		Release|x64 = Release|x64
		Release|x86 = Release|x86
	EndGlobalSection
	GlobalSection(ProjectConfigurationPlatforms) = postSolution
		{BF209B39-9DE9-419B-B720-28D0547DC519}.Debug|x64.ActiveCfg = Debug|x64
		{BF209B39-9DE9-419B-B720-28D0547DC519}.Debug|x64.Build.0 = Debug|x64
		{BF209B39-9DE9-419B-B720-28D0547DC519}.Debug|x86.ActiveCfg = Debug|Win32
		{BF209B39-9DE9-419B-B720-28D0547DC519}.Debug|x86.Build.0 = Debug|Win32
		{BF209B39-9DE9-419B-B720-28D0547DC519}.Release|x64.ActiveCfg = Release|x64
		{BF209B39-9DE9-419B-B720-28D0547DC519}.Release|x64.Build.0 = Release|x64
		{BF209B39-9DE9-419B-B720-28D0547DC519}.Release|x86.ActiveCfg = Release|Win32
		{BF209B39-9DE9-419B-B720-28D0547DC519}.Release|x86.Build.0 = Release|Win32
	EndGlobalSection
	GlobalSection(SolutionProperties) = preSolution
		HideSolutionNode = FALSE
	EndGlobalSection
	GlobalSection(ExtensibilityGlobals) = postSolution
		SolutionGuid = {0984CA4F-D014-43AC-8A4B-EB29E2DF0710}
	EndGlobalSection
EndGlobal
