
Microsoft Visual Studio Solution File, Format Version 12.00
# Visual Studio Version 17
VisualStudioVersion = 17.5.33627.172
MinimumVisualStudioVersion = 10.0.40219.1
Project("{8BC9CEB8-8B4A-11D0-8D11-00A0C91BC942}") = "lab3", "lab3\lab3.vcxproj", "{B8C4142E-643F-4290-A804-445E1C3652AF}"
EndProject
Project("{8BC9CEB8-8B4A-11D0-8D11-00A0C91BC942}") = "3.1_stack", "3.1_stack\3.1_stack.vcxproj", "{ADCE9279-B389-4E90-B2D1-D73803BA2A21}"
EndProject
Project("{8BC9CEB8-8B4A-11D0-8D11-00A0C91BC942}") = "3.2_queue", "3.2_queue\3.2_queue.vcxproj", "{D1A94BCA-2438-4E7D-A48E-5270801BA812}"
EndProject
Global
	GlobalSection(SolutionConfigurationPlatforms) = preSolution
		Debug|x64 = Debug|x64
		Debug|x86 = Debug|x86
		Release|x64 = Release|x64
		Release|x86 = Release|x86
	EndGlobalSection
	GlobalSection(ProjectConfigurationPlatforms) = postSolution
		{B8C4142E-643F-4290-A804-445E1C3652AF}.Debug|x64.ActiveCfg = Debug|x64
		{B8C4142E-643F-4290-A804-445E1C3652AF}.Debug|x64.Build.0 = Debug|x64
		{B8C4142E-643F-4290-A804-445E1C3652AF}.Debug|x86.ActiveCfg = Debug|Win32
		{B8C4142E-643F-4290-A804-445E1C3652AF}.Debug|x86.Build.0 = Debug|Win32
		{B8C4142E-643F-4290-A804-445E1C3652AF}.Release|x64.ActiveCfg = Release|x64
		{B8C4142E-643F-4290-A804-445E1C3652AF}.Release|x64.Build.0 = Release|x64
		{B8C4142E-643F-4290-A804-445E1C3652AF}.Release|x86.ActiveCfg = Release|Win32
		{B8C4142E-643F-4290-A804-445E1C3652AF}.Release|x86.Build.0 = Release|Win32
		{ADCE9279-B389-4E90-B2D1-D73803BA2A21}.Debug|x64.ActiveCfg = Debug|x64
		{ADCE9279-B389-4E90-B2D1-D73803BA2A21}.Debug|x64.Build.0 = Debug|x64
		{ADCE9279-B389-4E90-B2D1-D73803BA2A21}.Debug|x86.ActiveCfg = Debug|Win32
		{ADCE9279-B389-4E90-B2D1-D73803BA2A21}.Debug|x86.Build.0 = Debug|Win32
		{ADCE9279-B389-4E90-B2D1-D73803BA2A21}.Release|x64.ActiveCfg = Release|x64
		{ADCE9279-B389-4E90-B2D1-D73803BA2A21}.Release|x64.Build.0 = Release|x64
		{ADCE9279-B389-4E90-B2D1-D73803BA2A21}.Release|x86.ActiveCfg = Release|Win32
		{ADCE9279-B389-4E90-B2D1-D73803BA2A21}.Release|x86.Build.0 = Release|Win32
		{D1A94BCA-2438-4E7D-A48E-5270801BA812}.Debug|x64.ActiveCfg = Debug|x64
		{D1A94BCA-2438-4E7D-A48E-5270801BA812}.Debug|x64.Build.0 = Debug|x64
		{D1A94BCA-2438-4E7D-A48E-5270801BA812}.Debug|x86.ActiveCfg = Debug|Win32
		{D1A94BCA-2438-4E7D-A48E-5270801BA812}.Debug|x86.Build.0 = Debug|Win32
		{D1A94BCA-2438-4E7D-A48E-5270801BA812}.Release|x64.ActiveCfg = Release|x64
		{D1A94BCA-2438-4E7D-A48E-5270801BA812}.Release|x64.Build.0 = Release|x64
		{D1A94BCA-2438-4E7D-A48E-5270801BA812}.Release|x86.ActiveCfg = Release|Win32
		{D1A94BCA-2438-4E7D-A48E-5270801BA812}.Release|x86.Build.0 = Release|Win32
	EndGlobalSection
	GlobalSection(SolutionProperties) = preSolution
		HideSolutionNode = FALSE
	EndGlobalSection
	GlobalSection(ExtensibilityGlobals) = postSolution
		SolutionGuid = {BFA79DC8-A9D6-435D-A9AE-6D13545965C6}
	EndGlobalSection
EndGlobal
